
Microsoft Visual Studio Solution File, Format Version 12.00
# Visual Studio 15
VisualStudioVersion = 15.0.27428.2027
MinimumVisualStudioVersion = 10.0.40219.1
Project("{FAE04EC0-301F-11D3-BF4B-00C04F79EFBC}") = "NUIExample.net", "NUIExample\NUIExample.net.csproj", "{A010B086-5E3A-4F65-8AB7-A4A12451DEFB}"
EndProject
Global
	GlobalSection(SolutionConfigurationPlatforms) = preSolution
		Debug|Any CPU = Debug|Any CPU
		Release|Any CPU = Release|Any CPU
	EndGlobalSection
	GlobalSection(ProjectConfigurationPlatforms) = postSolution
		{A010B086-5E3A-4F65-8AB7-A4A12451DEFB}.Debug|Any CPU.ActiveCfg = Debug|Any CPU
		{A010B086-5E3A-4F65-8AB7-A4A12451DEFB}.Debug|Any CPU.Build.0 = Debug|Any CPU
		{A010B086-5E3A-4F65-8AB7-A4A12451DEFB}.Release|Any CPU.ActiveCfg = Release|Any CPU
		{A010B086-5E3A-4F65-8AB7-A4A12451DEFB}.Release|Any CPU.Build.0 = Release|Any CPU
	EndGlobalSection
	GlobalSection(SolutionProperties) = preSolution
		HideSolutionNode = FALSE
	EndGlobalSection
	GlobalSection(ExtensibilityGlobals) = postSolution
		SolutionGuid = {C6D1E89B-E034-4B32-A368-4188FE067071}
	EndGlobalSection
EndGlobal
